{
  "pins" : [
    {
      "identity" : "swift-algorithms",
      "kind" : "remoteSourceControl",
      "location" : "https://github.com/apple/swift-algorithms.git",
      "state" : {
        "revision" : "b14b7f4c528c942f121c8b860b9410b2bf57825e",
        "version" : "1.0.0"
      }
    },
    {
      "identity" : "swift-numerics",
      "kind" : "remoteSourceControl",
      "location" : "https://github.com/apple/swift-numerics",
      "state" : {
        "revision" : "0a5bc04095a675662cf24757cc0640aa2204253b",
        "version" : "1.0.2"
      }
    },
    {
      "identity" : "swiftuicustomizablepicker",
      "kind" : "remoteSourceControl",
      "location" : "https://github.com/ikok07/SwiftUICustomizablePicker.git",
      "state" : {
        "branch" : "main",
        "revision" : "13561da983ef2092ab0a1962d42fb5b68887bd68"
      }
    },
    {
      "identity" : "swiftuigauge",
      "kind" : "remoteSourceControl",
      "location" : "https://github.com/ikok07/SwiftUIGauge.git",
      "state" : {
        "branch" : "main",
        "revision" : "e81a72a351598bcac812d9ee060b88b66ab33ebf"
      }
    },
    {
      "identity" : "swiftuihorizontalnumberpicker",
      "kind" : "remoteSourceControl",
      "location" : "https://github.com/ikok07/SwiftUIHorizontalNumberPicker.git",
      "state" : {
        "branch" : "main",
        "revision" : "6b32c1a3c5cd8e4368801624ce3622e0c495996c"
      }
    }
  ],
  "version" : 2
}
