// !$*UTF8*$!
{
	archiveVersion = 1;
	classes = {
	};
	objectVersion = 56;
	objects = {

/* Begin PBXBuildFile section */
		220266C22A8A4815009D299F /* FTHubApp.swift in Sources */ = {isa = PBXBuildFile; fileRef = 220266C12A8A4815009D299F /* FTHubApp.swift */; };
		220266C42A8A4815009D299F /* ContentView.swift in Sources */ = {isa = PBXBuildFile; fileRef = 220266C32A8A4815009D299F /* ContentView.swift */; };
		220266C62A8A4818009D299F /* Assets.xcassets in Resources */ = {isa = PBXBuildFile; fileRef = 220266C52A8A4818009D299F /* Assets.xcassets */; };
		220266C92A8A4818009D299F /* Preview Assets.xcassets in Resources */ = {isa = PBXBuildFile; fileRef = 220266C82A8A4818009D299F /* Preview Assets.xcassets */; };
		220266D12A8A494A009D299F /* Constants.swift in Sources */ = {isa = PBXBuildFile; fileRef = 220266D02A8A494A009D299F /* Constants.swift */; };
		220266D62A8A5144009D299F /* TutorialHeadingView.swift in Sources */ = {isa = PBXBuildFile; fileRef = 220266D52A8A5144009D299F /* TutorialHeadingView.swift */; };
		220266D82A8A51DD009D299F /* TutorialImageView.swift in Sources */ = {isa = PBXBuildFile; fileRef = 220266D72A8A51DD009D299F /* TutorialImageView.swift */; };
		220266DA2A8A5249009D299F /* TutorialHeadlineView.swift in Sources */ = {isa = PBXBuildFile; fileRef = 220266D92A8A5249009D299F /* TutorialHeadlineView.swift */; };
		220266E12A8A538F009D299F /* CTAButtonStyle.swift in Sources */ = {isa = PBXBuildFile; fileRef = 220266E02A8A538F009D299F /* CTAButtonStyle.swift */; };
		220266E52A8A5765009D299F /* TutorialMainView.swift in Sources */ = {isa = PBXBuildFile; fileRef = 220266E42A8A5765009D299F /* TutorialMainView.swift */; };
		220266E72A8A5787009D299F /* TutorialStartPageView.swift in Sources */ = {isa = PBXBuildFile; fileRef = 220266E62A8A5787009D299F /* TutorialStartPageView.swift */; };
		220266E92A8A5A28009D299F /* TutorialFirstPageView.swift in Sources */ = {isa = PBXBuildFile; fileRef = 220266E82A8A5A28009D299F /* TutorialFirstPageView.swift */; };
		220266EB2A8A5B54009D299F /* TutorialPageIndicatorView.swift in Sources */ = {isa = PBXBuildFile; fileRef = 220266EA2A8A5B54009D299F /* TutorialPageIndicatorView.swift */; };
		220266ED2A8A5DE2009D299F /* TutorialSecondPageView.swift in Sources */ = {isa = PBXBuildFile; fileRef = 220266EC2A8A5DE2009D299F /* TutorialSecondPageView.swift */; };
		220266F12A8A5F8D009D299F /* TutorialThirdPageView.swift in Sources */ = {isa = PBXBuildFile; fileRef = 220266F02A8A5F8D009D299F /* TutorialThirdPageView.swift */; };
		220266F32A8A6014009D299F /* TutorialFourthPageView.swift in Sources */ = {isa = PBXBuildFile; fileRef = 220266F22A8A6014009D299F /* TutorialFourthPageView.swift */; };
		220266F52A8A60EC009D299F /* TutorialFifthPageView.swift in Sources */ = {isa = PBXBuildFile; fileRef = 220266F42A8A60EB009D299F /* TutorialFifthPageView.swift */; };
		220266F82A8A7066009D299F /* MainAccountAuthView.swift in Sources */ = {isa = PBXBuildFile; fileRef = 220266F72A8A7066009D299F /* MainAccountAuthView.swift */; };
		222F3C5B2A935C6F005BC46F /* ResendTwoFaCodeModel.swift in Sources */ = {isa = PBXBuildFile; fileRef = 222F3C5A2A935C6F005BC46F /* ResendTwoFaCodeModel.swift */; };
		222F3C612A935CDC005BC46F /* AccountAuthModel.swift in Sources */ = {isa = PBXBuildFile; fileRef = 222F3C602A935CDC005BC46F /* AccountAuthModel.swift */; };
		222F3C642A935D66005BC46F /* AccountAuthRequestModel.swift in Sources */ = {isa = PBXBuildFile; fileRef = 222F3C632A935D66005BC46F /* AccountAuthRequestModel.swift */; };
		22374B182A9292D7006BE6BB /* Authentication.swift in Sources */ = {isa = PBXBuildFile; fileRef = 22374B172A9292D7006BE6BB /* Authentication.swift */; };
		22374B1A2A929C5C006BE6BB /* BaseAuthController.swift in Sources */ = {isa = PBXBuildFile; fileRef = 22374B192A929C5C006BE6BB /* BaseAuthController.swift */; };
		22374B1C2A92A6EB006BE6BB /* TwoFaAuthController.swift in Sources */ = {isa = PBXBuildFile; fileRef = 22374B1B2A92A6EB006BE6BB /* TwoFaAuthController.swift */; };
		224A5D862A8CB82B00490614 /* TwoFaCodeHeaderView.swift in Sources */ = {isa = PBXBuildFile; fileRef = 224A5D852A8CB82B00490614 /* TwoFaCodeHeaderView.swift */; };
		224A5D892A8CB8EE00490614 /* TwoFaCodeView.swift in Sources */ = {isa = PBXBuildFile; fileRef = 224A5D882A8CB8EE00490614 /* TwoFaCodeView.swift */; };
		224A5D8B2A8CB9BC00490614 /* TwoFaCodeFooter.swift in Sources */ = {isa = PBXBuildFile; fileRef = 224A5D8A2A8CB9BC00490614 /* TwoFaCodeFooter.swift */; };
		224A5D8E2A8CC55100490614 /* CoachesPageView.swift in Sources */ = {isa = PBXBuildFile; fileRef = 224A5D8D2A8CC55100490614 /* CoachesPageView.swift */; };
		224A5D912A8CC9E000490614 /* fthub.i18n.json in Resources */ = {isa = PBXBuildFile; fileRef = 224A5D902A8CC9E000490614 /* fthub.i18n.json */; };
		224A5D952A8CDB6100490614 /* ResendCodeController.swift in Sources */ = {isa = PBXBuildFile; fileRef = 224A5D942A8CDB6100490614 /* ResendCodeController.swift */; };
		224A5D972A8CDC4400490614 /* Requests.swift in Sources */ = {isa = PBXBuildFile; fileRef = 224A5D962A8CDC4400490614 /* Requests.swift */; };
		224A5DA12A8CF98D00490614 /* User.swift in Sources */ = {isa = PBXBuildFile; fileRef = 224A5DA02A8CF98D00490614 /* User.swift */; };
		224C9FB52A8E0DFF00AF5612 /* CustomMessageView.swift in Sources */ = {isa = PBXBuildFile; fileRef = 224C9FB42A8E0DFF00AF5612 /* CustomMessageView.swift */; };
		2257C93A2A8BF8E6000E3CD2 /* RestorePasswordEmailView.swift in Sources */ = {isa = PBXBuildFile; fileRef = 2257C9392A8BF8E6000E3CD2 /* RestorePasswordEmailView.swift */; };
		228006772A921C7000A299EC /* Localizable.xcstrings in Resources */ = {isa = PBXBuildFile; fileRef = 228006762A921C7000A299EC /* Localizable.xcstrings */; };
		228744C92A8E5BB100DB77DF /* ViewExtensions.swift in Sources */ = {isa = PBXBuildFile; fileRef = 228744C82A8E5BB100DB77DF /* ViewExtensions.swift */; };
		22969D492A94A83200935A3C /* TwoFaAuthRequestModel.swift in Sources */ = {isa = PBXBuildFile; fileRef = 22969D472A94A83200935A3C /* TwoFaAuthRequestModel.swift */; };
		22969D4A2A94A83200935A3C /* TwoFaAuthModel.swift in Sources */ = {isa = PBXBuildFile; fileRef = 22969D482A94A83200935A3C /* TwoFaAuthModel.swift */; };
		22969D4E2A94AA4600935A3C /* RestorePasswordMainView.swift in Sources */ = {isa = PBXBuildFile; fileRef = 22969D4D2A94AA4600935A3C /* RestorePasswordMainView.swift */; };
		22969D512A94AAAD00935A3C /* RestorePasswordHeaderView.swift in Sources */ = {isa = PBXBuildFile; fileRef = 22969D502A94AAAD00935A3C /* RestorePasswordHeaderView.swift */; };
		22969D532A94B17B00935A3C /* EmailConfirmationLinkSentView.swift in Sources */ = {isa = PBXBuildFile; fileRef = 22969D522A94B17B00935A3C /* EmailConfirmationLinkSentView.swift */; };
		22969D562A94B91A00935A3C /* RestorePasswordController.swift in Sources */ = {isa = PBXBuildFile; fileRef = 22969D552A94B91A00935A3C /* RestorePasswordController.swift */; };
		22969D592A94C28F00935A3C /* ResendConfirmEmailController.swift in Sources */ = {isa = PBXBuildFile; fileRef = 22969D582A94C28F00935A3C /* ResendConfirmEmailController.swift */; };
		22969D5B2A94D86600935A3C /* EmailConfirmationStatusView.swift in Sources */ = {isa = PBXBuildFile; fileRef = 22969D5A2A94D86600935A3C /* EmailConfirmationStatusView.swift */; };
		22969D5F2A94E75300935A3C /* ConfirmEmailController.swift in Sources */ = {isa = PBXBuildFile; fileRef = 22969D5E2A94E75300935A3C /* ConfirmEmailController.swift */; };
		22969D612A94EA9F00935A3C /* ConfirmEmailRequestModel.swift in Sources */ = {isa = PBXBuildFile; fileRef = 22969D602A94EA9F00935A3C /* ConfirmEmailRequestModel.swift */; };
		22969D632A94EC3500935A3C /* ConfirmEmailModel.swift in Sources */ = {isa = PBXBuildFile; fileRef = 22969D622A94EC3500935A3C /* ConfirmEmailModel.swift */; };
		22C34A542A94ECC500313D89 /* Validator.swift in Sources */ = {isa = PBXBuildFile; fileRef = 22C34A532A94ECC500313D89 /* Validator.swift */; };
		22C89D0D2A964299001055F0 /* WithCustomMessageModifier.swift in Sources */ = {isa = PBXBuildFile; fileRef = 22C89D0C2A964299001055F0 /* WithCustomMessageModifier.swift */; };
		22C89D0F2A9642C8001055F0 /* WithLoadingAnimationModifier.swift in Sources */ = {isa = PBXBuildFile; fileRef = 22C89D0E2A9642C8001055F0 /* WithLoadingAnimationModifier.swift */; };
		22CDFF942A94E36B009DB029 /* SignInValidationController.swift in Sources */ = {isa = PBXBuildFile; fileRef = 22CDFF932A94E36B009DB029 /* SignInValidationController.swift */; };
		22CDFF962A94E37B009DB029 /* SignUpValidationController.swift in Sources */ = {isa = PBXBuildFile; fileRef = 22CDFF952A94E37B009DB029 /* SignUpValidationController.swift */; };
		22D56B472A962255009270FA /* BeforeAuthView.swift in Sources */ = {isa = PBXBuildFile; fileRef = 22D56B462A962255009270FA /* BeforeAuthView.swift */; };
		22DED6892A908C1400D1EBBB /* TwoFaCodeNumberField.swift in Sources */ = {isa = PBXBuildFile; fileRef = 22DED6882A908C1400D1EBBB /* TwoFaCodeNumberField.swift */; };
		22E81F1A2A9525E10021DBE0 /* Message.swift in Sources */ = {isa = PBXBuildFile; fileRef = 22E81F192A9525E10021DBE0 /* Message.swift */; };
		22E824672A8B9A2E00B51C60 /* CustomTextFieldView.swift in Sources */ = {isa = PBXBuildFile; fileRef = 22E824662A8B9A2E00B51C60 /* CustomTextFieldView.swift */; };
		22E824692A8B9D3300B51C60 /* SignUpWithAppleView.swift in Sources */ = {isa = PBXBuildFile; fileRef = 22E824682A8B9D3300B51C60 /* SignUpWithAppleView.swift */; };
		22E8246B2A8BA5D800B51C60 /* AuthenticationHeaderView.swift in Sources */ = {isa = PBXBuildFile; fileRef = 22E8246A2A8BA5D800B51C60 /* AuthenticationHeaderView.swift */; };
		22E8246D2A8BA68A00B51C60 /* AuthenticationFooterView.swift in Sources */ = {isa = PBXBuildFile; fileRef = 22E8246C2A8BA68A00B51C60 /* AuthenticationFooterView.swift */; };
		22E8246F2A8BA89A00B51C60 /* SignInView.swift in Sources */ = {isa = PBXBuildFile; fileRef = 22E8246E2A8BA89A00B51C60 /* SignInView.swift */; };
		22E824742A8BB26F00B51C60 /* TwoFaCodeMainView.swift in Sources */ = {isa = PBXBuildFile; fileRef = 22E824732A8BB26F00B51C60 /* TwoFaCodeMainView.swift */; };
		22EB51AE2A8B62F80079A3B1 /* Algorithms in Frameworks */ = {isa = PBXBuildFile; productRef = 22EB51AD2A8B62F80079A3B1 /* Algorithms */; };
		22EB51B12A8B70AC0079A3B1 /* LogRegButtonsView.swift in Sources */ = {isa = PBXBuildFile; fileRef = 22EB51B02A8B70AC0079A3B1 /* LogRegButtonsView.swift */; };
		22ED2EBC2A912FFF00BB623E /* NumpadButtonView.swift in Sources */ = {isa = PBXBuildFile; fileRef = 22ED2EBB2A912FFF00BB623E /* NumpadButtonView.swift */; };
		22ED2EBE2A9132AE00BB623E /* CustomNumpadView.swift in Sources */ = {isa = PBXBuildFile; fileRef = 22ED2EBD2A9132AE00BB623E /* CustomNumpadView.swift */; };
		22ED2EC02A9136E600BB623E /* CustomNumpadButtonStyle.swift in Sources */ = {isa = PBXBuildFile; fileRef = 22ED2EBF2A9136E600BB623E /* CustomNumpadButtonStyle.swift */; };
		22ED2EC22A91392300BB623E /* NumpadController.swift in Sources */ = {isa = PBXBuildFile; fileRef = 22ED2EC12A91392300BB623E /* NumpadController.swift */; };
		22F2709C2A95DD8300AA8AC6 /* NetworkCapable.swift in Sources */ = {isa = PBXBuildFile; fileRef = 22F2709B2A95DD8300AA8AC6 /* NetworkCapable.swift */; };
		22F2709E2A95E5FA00AA8AC6 /* Networking.swift in Sources */ = {isa = PBXBuildFile; fileRef = 22F2709D2A95E5FA00AA8AC6 /* Networking.swift */; };
		22FC13BA2A9756690016E17C /* ValidationController.swift in Sources */ = {isa = PBXBuildFile; fileRef = 22FC13B92A9756690016E17C /* ValidationController.swift */; };
		22FD47E82A923A3700C99BE6 /* TwoFaCodeResendButton.swift in Sources */ = {isa = PBXBuildFile; fileRef = 22FD47E72A923A3700C99BE6 /* TwoFaCodeResendButton.swift */; };
/* End PBXBuildFile section */

/* Begin PBXFileReference section */
		220266BE2A8A4815009D299F /* FTHub.app */ = {isa = PBXFileReference; explicitFileType = wrapper.application; includeInIndex = 0; path = FTHub.app; sourceTree = BUILT_PRODUCTS_DIR; };
		220266C12A8A4815009D299F /* FTHubApp.swift */ = {isa = PBXFileReference; lastKnownFileType = sourcecode.swift; path = FTHubApp.swift; sourceTree = "<group>"; };
		220266C32A8A4815009D299F /* ContentView.swift */ = {isa = PBXFileReference; lastKnownFileType = sourcecode.swift; path = ContentView.swift; sourceTree = "<group>"; };
		220266C52A8A4818009D299F /* Assets.xcassets */ = {isa = PBXFileReference; lastKnownFileType = folder.assetcatalog; path = Assets.xcassets; sourceTree = "<group>"; };
		220266C82A8A4818009D299F /* Preview Assets.xcassets */ = {isa = PBXFileReference; lastKnownFileType = folder.assetcatalog; path = "Preview Assets.xcassets"; sourceTree = "<group>"; };
		220266D02A8A494A009D299F /* Constants.swift */ = {isa = PBXFileReference; lastKnownFileType = sourcecode.swift; path = Constants.swift; sourceTree = "<group>"; };
		220266D22A8A4B54009D299F /* Info.plist */ = {isa = PBXFileReference; lastKnownFileType = text.plist; path = Info.plist; sourceTree = "<group>"; };
		220266D52A8A5144009D299F /* TutorialHeadingView.swift */ = {isa = PBXFileReference; lastKnownFileType = sourcecode.swift; path = TutorialHeadingView.swift; sourceTree = "<group>"; };
		220266D72A8A51DD009D299F /* TutorialImageView.swift */ = {isa = PBXFileReference; lastKnownFileType = sourcecode.swift; path = TutorialImageView.swift; sourceTree = "<group>"; };
		220266D92A8A5249009D299F /* TutorialHeadlineView.swift */ = {isa = PBXFileReference; lastKnownFileType = sourcecode.swift; path = TutorialHeadlineView.swift; sourceTree = "<group>"; };
		220266E02A8A538F009D299F /* CTAButtonStyle.swift */ = {isa = PBXFileReference; lastKnownFileType = sourcecode.swift; path = CTAButtonStyle.swift; sourceTree = "<group>"; };
		220266E42A8A5765009D299F /* TutorialMainView.swift */ = {isa = PBXFileReference; lastKnownFileType = sourcecode.swift; path = TutorialMainView.swift; sourceTree = "<group>"; };
		220266E62A8A5787009D299F /* TutorialStartPageView.swift */ = {isa = PBXFileReference; lastKnownFileType = sourcecode.swift; path = TutorialStartPageView.swift; sourceTree = "<group>"; };
		220266E82A8A5A28009D299F /* TutorialFirstPageView.swift */ = {isa = PBXFileReference; lastKnownFileType = sourcecode.swift; path = TutorialFirstPageView.swift; sourceTree = "<group>"; };
		220266EA2A8A5B54009D299F /* TutorialPageIndicatorView.swift */ = {isa = PBXFileReference; lastKnownFileType = sourcecode.swift; path = TutorialPageIndicatorView.swift; sourceTree = "<group>"; };
		220266EC2A8A5DE2009D299F /* TutorialSecondPageView.swift */ = {isa = PBXFileReference; lastKnownFileType = sourcecode.swift; path = TutorialSecondPageView.swift; sourceTree = "<group>"; };
		220266F02A8A5F8D009D299F /* TutorialThirdPageView.swift */ = {isa = PBXFileReference; lastKnownFileType = sourcecode.swift; path = TutorialThirdPageView.swift; sourceTree = "<group>"; };
		220266F22A8A6014009D299F /* TutorialFourthPageView.swift */ = {isa = PBXFileReference; lastKnownFileType = sourcecode.swift; path = TutorialFourthPageView.swift; sourceTree = "<group>"; };
		220266F42A8A60EB009D299F /* TutorialFifthPageView.swift */ = {isa = PBXFileReference; lastKnownFileType = sourcecode.swift; path = TutorialFifthPageView.swift; sourceTree = "<group>"; };
		220266F72A8A7066009D299F /* MainAccountAuthView.swift */ = {isa = PBXFileReference; lastKnownFileType = sourcecode.swift; path = MainAccountAuthView.swift; sourceTree = "<group>"; };
		222F3C5A2A935C6F005BC46F /* ResendTwoFaCodeModel.swift */ = {isa = PBXFileReference; lastKnownFileType = sourcecode.swift; path = ResendTwoFaCodeModel.swift; sourceTree = "<group>"; };
		222F3C602A935CDC005BC46F /* AccountAuthModel.swift */ = {isa = PBXFileReference; lastKnownFileType = sourcecode.swift; path = AccountAuthModel.swift; sourceTree = "<group>"; };
		222F3C632A935D66005BC46F /* AccountAuthRequestModel.swift */ = {isa = PBXFileReference; lastKnownFileType = sourcecode.swift; path = AccountAuthRequestModel.swift; sourceTree = "<group>"; };
		22374B172A9292D7006BE6BB /* Authentication.swift */ = {isa = PBXFileReference; lastKnownFileType = sourcecode.swift; path = Authentication.swift; sourceTree = "<group>"; };
		22374B192A929C5C006BE6BB /* BaseAuthController.swift */ = {isa = PBXFileReference; lastKnownFileType = sourcecode.swift; path = BaseAuthController.swift; sourceTree = "<group>"; };
		22374B1B2A92A6EB006BE6BB /* TwoFaAuthController.swift */ = {isa = PBXFileReference; lastKnownFileType = sourcecode.swift; path = TwoFaAuthController.swift; sourceTree = "<group>"; };
		224A5D852A8CB82B00490614 /* TwoFaCodeHeaderView.swift */ = {isa = PBXFileReference; lastKnownFileType = sourcecode.swift; path = TwoFaCodeHeaderView.swift; sourceTree = "<group>"; };
		224A5D882A8CB8EE00490614 /* TwoFaCodeView.swift */ = {isa = PBXFileReference; lastKnownFileType = sourcecode.swift; path = TwoFaCodeView.swift; sourceTree = "<group>"; };
		224A5D8A2A8CB9BC00490614 /* TwoFaCodeFooter.swift */ = {isa = PBXFileReference; lastKnownFileType = sourcecode.swift; path = TwoFaCodeFooter.swift; sourceTree = "<group>"; };
		224A5D8D2A8CC55100490614 /* CoachesPageView.swift */ = {isa = PBXFileReference; lastKnownFileType = sourcecode.swift; path = CoachesPageView.swift; sourceTree = "<group>"; };
		224A5D902A8CC9E000490614 /* fthub.i18n.json */ = {isa = PBXFileReference; fileEncoding = 4; lastKnownFileType = text.json; path = fthub.i18n.json; sourceTree = "<group>"; };
		224A5D942A8CDB6100490614 /* ResendCodeController.swift */ = {isa = PBXFileReference; lastKnownFileType = sourcecode.swift; path = ResendCodeController.swift; sourceTree = "<group>"; };
		224A5D962A8CDC4400490614 /* Requests.swift */ = {isa = PBXFileReference; lastKnownFileType = sourcecode.swift; path = Requests.swift; sourceTree = "<group>"; };
		224A5DA02A8CF98D00490614 /* User.swift */ = {isa = PBXFileReference; lastKnownFileType = sourcecode.swift; path = User.swift; sourceTree = "<group>"; };
		224C9FB42A8E0DFF00AF5612 /* CustomMessageView.swift */ = {isa = PBXFileReference; lastKnownFileType = sourcecode.swift; path = CustomMessageView.swift; sourceTree = "<group>"; };
		2257C9392A8BF8E6000E3CD2 /* RestorePasswordEmailView.swift */ = {isa = PBXFileReference; lastKnownFileType = sourcecode.swift; path = RestorePasswordEmailView.swift; sourceTree = "<group>"; };
		228006762A921C7000A299EC /* Localizable.xcstrings */ = {isa = PBXFileReference; lastKnownFileType = text.json.xcstrings; path = Localizable.xcstrings; sourceTree = "<group>"; };
		228744C82A8E5BB100DB77DF /* ViewExtensions.swift */ = {isa = PBXFileReference; lastKnownFileType = sourcecode.swift; path = ViewExtensions.swift; sourceTree = "<group>"; };
		22969D472A94A83200935A3C /* TwoFaAuthRequestModel.swift */ = {isa = PBXFileReference; fileEncoding = 4; lastKnownFileType = sourcecode.swift; path = TwoFaAuthRequestModel.swift; sourceTree = "<group>"; };
		22969D482A94A83200935A3C /* TwoFaAuthModel.swift */ = {isa = PBXFileReference; fileEncoding = 4; lastKnownFileType = sourcecode.swift; path = TwoFaAuthModel.swift; sourceTree = "<group>"; };
		22969D4D2A94AA4600935A3C /* RestorePasswordMainView.swift */ = {isa = PBXFileReference; lastKnownFileType = sourcecode.swift; path = RestorePasswordMainView.swift; sourceTree = "<group>"; };
		22969D502A94AAAD00935A3C /* RestorePasswordHeaderView.swift */ = {isa = PBXFileReference; lastKnownFileType = sourcecode.swift; path = RestorePasswordHeaderView.swift; sourceTree = "<group>"; };
		22969D522A94B17B00935A3C /* EmailConfirmationLinkSentView.swift */ = {isa = PBXFileReference; lastKnownFileType = sourcecode.swift; path = EmailConfirmationLinkSentView.swift; sourceTree = "<group>"; };
		22969D552A94B91A00935A3C /* RestorePasswordController.swift */ = {isa = PBXFileReference; lastKnownFileType = sourcecode.swift; path = RestorePasswordController.swift; sourceTree = "<group>"; };
		22969D582A94C28F00935A3C /* ResendConfirmEmailController.swift */ = {isa = PBXFileReference; lastKnownFileType = sourcecode.swift; path = ResendConfirmEmailController.swift; sourceTree = "<group>"; };
		22969D5A2A94D86600935A3C /* EmailConfirmationStatusView.swift */ = {isa = PBXFileReference; lastKnownFileType = sourcecode.swift; path = EmailConfirmationStatusView.swift; sourceTree = "<group>"; };
		22969D5E2A94E75300935A3C /* ConfirmEmailController.swift */ = {isa = PBXFileReference; lastKnownFileType = sourcecode.swift; path = ConfirmEmailController.swift; sourceTree = "<group>"; };
		22969D602A94EA9F00935A3C /* ConfirmEmailRequestModel.swift */ = {isa = PBXFileReference; lastKnownFileType = sourcecode.swift; path = ConfirmEmailRequestModel.swift; sourceTree = "<group>"; };
		22969D622A94EC3500935A3C /* ConfirmEmailModel.swift */ = {isa = PBXFileReference; lastKnownFileType = sourcecode.swift; path = ConfirmEmailModel.swift; sourceTree = "<group>"; };
		22C34A532A94ECC500313D89 /* Validator.swift */ = {isa = PBXFileReference; lastKnownFileType = sourcecode.swift; path = Validator.swift; sourceTree = "<group>"; };
		22C89D0C2A964299001055F0 /* WithCustomMessageModifier.swift */ = {isa = PBXFileReference; lastKnownFileType = sourcecode.swift; path = WithCustomMessageModifier.swift; sourceTree = "<group>"; };
		22C89D0E2A9642C8001055F0 /* WithLoadingAnimationModifier.swift */ = {isa = PBXFileReference; lastKnownFileType = sourcecode.swift; path = WithLoadingAnimationModifier.swift; sourceTree = "<group>"; };
		22CDFF932A94E36B009DB029 /* SignInValidationController.swift */ = {isa = PBXFileReference; lastKnownFileType = sourcecode.swift; path = SignInValidationController.swift; sourceTree = "<group>"; };
		22CDFF952A94E37B009DB029 /* SignUpValidationController.swift */ = {isa = PBXFileReference; lastKnownFileType = sourcecode.swift; path = SignUpValidationController.swift; sourceTree = "<group>"; };
		22D56B462A962255009270FA /* BeforeAuthView.swift */ = {isa = PBXFileReference; lastKnownFileType = sourcecode.swift; path = BeforeAuthView.swift; sourceTree = "<group>"; };
		22DED6882A908C1400D1EBBB /* TwoFaCodeNumberField.swift */ = {isa = PBXFileReference; lastKnownFileType = sourcecode.swift; path = TwoFaCodeNumberField.swift; sourceTree = "<group>"; };
		22E81F192A9525E10021DBE0 /* Message.swift */ = {isa = PBXFileReference; lastKnownFileType = sourcecode.swift; path = Message.swift; sourceTree = "<group>"; };
		22E824662A8B9A2E00B51C60 /* CustomTextFieldView.swift */ = {isa = PBXFileReference; lastKnownFileType = sourcecode.swift; path = CustomTextFieldView.swift; sourceTree = "<group>"; };
		22E824682A8B9D3300B51C60 /* SignUpWithAppleView.swift */ = {isa = PBXFileReference; lastKnownFileType = sourcecode.swift; path = SignUpWithAppleView.swift; sourceTree = "<group>"; };
		22E8246A2A8BA5D800B51C60 /* AuthenticationHeaderView.swift */ = {isa = PBXFileReference; lastKnownFileType = sourcecode.swift; path = AuthenticationHeaderView.swift; sourceTree = "<group>"; };
		22E8246C2A8BA68A00B51C60 /* AuthenticationFooterView.swift */ = {isa = PBXFileReference; lastKnownFileType = sourcecode.swift; path = AuthenticationFooterView.swift; sourceTree = "<group>"; };
		22E8246E2A8BA89A00B51C60 /* SignInView.swift */ = {isa = PBXFileReference; lastKnownFileType = sourcecode.swift; path = SignInView.swift; sourceTree = "<group>"; };
		22E824732A8BB26F00B51C60 /* TwoFaCodeMainView.swift */ = {isa = PBXFileReference; lastKnownFileType = sourcecode.swift; path = TwoFaCodeMainView.swift; sourceTree = "<group>"; };
		22EB51B02A8B70AC0079A3B1 /* LogRegButtonsView.swift */ = {isa = PBXFileReference; lastKnownFileType = sourcecode.swift; path = LogRegButtonsView.swift; sourceTree = "<group>"; };
		22ED2EBB2A912FFF00BB623E /* NumpadButtonView.swift */ = {isa = PBXFileReference; lastKnownFileType = sourcecode.swift; path = NumpadButtonView.swift; sourceTree = "<group>"; };
		22ED2EBD2A9132AE00BB623E /* CustomNumpadView.swift */ = {isa = PBXFileReference; lastKnownFileType = sourcecode.swift; path = CustomNumpadView.swift; sourceTree = "<group>"; };
		22ED2EBF2A9136E600BB623E /* CustomNumpadButtonStyle.swift */ = {isa = PBXFileReference; lastKnownFileType = sourcecode.swift; path = CustomNumpadButtonStyle.swift; sourceTree = "<group>"; };
		22ED2EC12A91392300BB623E /* NumpadController.swift */ = {isa = PBXFileReference; lastKnownFileType = sourcecode.swift; path = NumpadController.swift; sourceTree = "<group>"; };
		22F2709B2A95DD8300AA8AC6 /* NetworkCapable.swift */ = {isa = PBXFileReference; lastKnownFileType = sourcecode.swift; path = NetworkCapable.swift; sourceTree = "<group>"; };
		22F2709D2A95E5FA00AA8AC6 /* Networking.swift */ = {isa = PBXFileReference; lastKnownFileType = sourcecode.swift; path = Networking.swift; sourceTree = "<group>"; };
		22FC13B92A9756690016E17C /* ValidationController.swift */ = {isa = PBXFileReference; fileEncoding = 4; lastKnownFileType = sourcecode.swift; path = ValidationController.swift; sourceTree = "<group>"; };
		22FD47E72A923A3700C99BE6 /* TwoFaCodeResendButton.swift */ = {isa = PBXFileReference; lastKnownFileType = sourcecode.swift; path = TwoFaCodeResendButton.swift; sourceTree = "<group>"; };
/* End PBXFileReference section */

/* Begin PBXFrameworksBuildPhase section */
		220266BB2A8A4815009D299F /* Frameworks */ = {
			isa = PBXFrameworksBuildPhase;
			buildActionMask = 2147483647;
			files = (
				22EB51AE2A8B62F80079A3B1 /* Algorithms in Frameworks */,
			);
			runOnlyForDeploymentPostprocessing = 0;
		};
/* End PBXFrameworksBuildPhase section */

/* Begin PBXGroup section */
		220266B52A8A4815009D299F = {
			isa = PBXGroup;
			children = (
				220266C02A8A4815009D299F /* FTHub */,
				220266BF2A8A4815009D299F /* Products */,
			);
			sourceTree = "<group>";
		};
		220266BF2A8A4815009D299F /* Products */ = {
			isa = PBXGroup;
			children = (
				220266BE2A8A4815009D299F /* FTHub.app */,
			);
			name = Products;
			sourceTree = "<group>";
		};
		220266C02A8A4815009D299F /* FTHub */ = {
			isa = PBXGroup;
			children = (
				22C89D0B2A964289001055F0 /* ViewModifier */,
				228006752A921C4600A299EC /* Localization */,
				228744CA2A8E633800DB77DF /* Protocols */,
				228744C72A8E5BA300DB77DF /* Extensions */,
				220266D22A8A4B54009D299F /* Info.plist */,
				220266C12A8A4815009D299F /* FTHubApp.swift */,
				224A5D8F2A8CC9D500490614 /* Data */,
				220266CF2A8A4935009D299F /* Utils */,
				220266DE2A8A5371009D299F /* Style */,
				224A5D982A8CDE8500490614 /* Model */,
				220266D32A8A511D009D299F /* View */,
				224A5D932A8CDB4E00490614 /* Controller */,
				220266E22A8A5734009D299F /* App */,
				220266C52A8A4818009D299F /* Assets.xcassets */,
				220266C72A8A4818009D299F /* Preview Content */,
			);
			path = FTHub;
			sourceTree = "<group>";
		};
		220266C72A8A4818009D299F /* Preview Content */ = {
			isa = PBXGroup;
			children = (
				220266C82A8A4818009D299F /* Preview Assets.xcassets */,
			);
			path = "Preview Content";
			sourceTree = "<group>";
		};
		220266CF2A8A4935009D299F /* Utils */ = {
			isa = PBXGroup;
			children = (
				220266D02A8A494A009D299F /* Constants.swift */,
				224A5D962A8CDC4400490614 /* Requests.swift */,
				22374B172A9292D7006BE6BB /* Authentication.swift */,
				22E81F192A9525E10021DBE0 /* Message.swift */,
				22F2709D2A95E5FA00AA8AC6 /* Networking.swift */,
			);
			path = Utils;
			sourceTree = "<group>";
		};
		220266D32A8A511D009D299F /* View */ = {
			isa = PBXGroup;
			children = (
				22969D4F2A94AA9500935A3C /* Restore Password */,
				220266DB2A8A52E6009D299F /* Common */,
				22EB51AF2A8B708E0079A3B1 /* Authentication */,
				220266D42A8A5124009D299F /* Tutorial */,
			);
			path = View;
			sourceTree = "<group>";
		};
		220266D42A8A5124009D299F /* Tutorial */ = {
			isa = PBXGroup;
			children = (
				220266D52A8A5144009D299F /* TutorialHeadingView.swift */,
				220266D72A8A51DD009D299F /* TutorialImageView.swift */,
				220266D92A8A5249009D299F /* TutorialHeadlineView.swift */,
				220266EA2A8A5B54009D299F /* TutorialPageIndicatorView.swift */,
			);
			path = Tutorial;
			sourceTree = "<group>";
		};
		220266DB2A8A52E6009D299F /* Common */ = {
			isa = PBXGroup;
			children = (
				22ED2EBA2A912FEE00BB623E /* Numpad */,
				224C9FB32A8E0DEE00AF5612 /* Error */,
				222F3C712A938600005BC46F /* TextField */,
			);
			path = Common;
			sourceTree = "<group>";
		};
		220266DE2A8A5371009D299F /* Style */ = {
			isa = PBXGroup;
			children = (
				220266E02A8A538F009D299F /* CTAButtonStyle.swift */,
				22ED2EBF2A9136E600BB623E /* CustomNumpadButtonStyle.swift */,
			);
			path = Style;
			sourceTree = "<group>";
		};
		220266E22A8A5734009D299F /* App */ = {
			isa = PBXGroup;
			children = (
				22D56B452A962223009270FA /* Page Selectors */,
				224A5D8C2A8CC53600490614 /* Coaches */,
				2257C93B2A8BFD36000E3CD2 /* Restore Password */,
				220266F62A8A704C009D299F /* Authentication */,
				220266E32A8A5741009D299F /* Tutorial */,
			);
			path = App;
			sourceTree = "<group>";
		};
		220266E32A8A5741009D299F /* Tutorial */ = {
			isa = PBXGroup;
			children = (
				220266E42A8A5765009D299F /* TutorialMainView.swift */,
				220266E62A8A5787009D299F /* TutorialStartPageView.swift */,
				220266E82A8A5A28009D299F /* TutorialFirstPageView.swift */,
				220266EC2A8A5DE2009D299F /* TutorialSecondPageView.swift */,
				220266F02A8A5F8D009D299F /* TutorialThirdPageView.swift */,
				220266F22A8A6014009D299F /* TutorialFourthPageView.swift */,
				220266F42A8A60EB009D299F /* TutorialFifthPageView.swift */,
			);
			path = Tutorial;
			sourceTree = "<group>";
		};
		220266F62A8A704C009D299F /* Authentication */ = {
			isa = PBXGroup;
			children = (
				22969D522A94B17B00935A3C /* EmailConfirmationLinkSentView.swift */,
				220266F72A8A7066009D299F /* MainAccountAuthView.swift */,
				224A5D882A8CB8EE00490614 /* TwoFaCodeView.swift */,
				22969D5A2A94D86600935A3C /* EmailConfirmationStatusView.swift */,
			);
			path = Authentication;
			sourceTree = "<group>";
		};
		222F3C592A935C5E005BC46F /* Resend code */ = {
			isa = PBXGroup;
			children = (
				222F3C5A2A935C6F005BC46F /* ResendTwoFaCodeModel.swift */,
			);
			path = "Resend code";
			sourceTree = "<group>";
		};
		222F3C5F2A935CC0005BC46F /* Account Auth */ = {
			isa = PBXGroup;
			children = (
				222F3C602A935CDC005BC46F /* AccountAuthModel.swift */,
				222F3C632A935D66005BC46F /* AccountAuthRequestModel.swift */,
			);
			path = "Account Auth";
			sourceTree = "<group>";
		};
		222F3C622A935D15005BC46F /* Account */ = {
			isa = PBXGroup;
			children = (
				224A5DA02A8CF98D00490614 /* User.swift */,
			);
			path = Account;
			sourceTree = "<group>";
		};
		222F3C6F2A9385D7005BC46F /* Authentication */ = {
			isa = PBXGroup;
			children = (
				22CDFF922A94E356009DB029 /* Validation */,
				224A5D942A8CDB6100490614 /* ResendCodeController.swift */,
				22374B192A929C5C006BE6BB /* BaseAuthController.swift */,
				22969D5E2A94E75300935A3C /* ConfirmEmailController.swift */,
				22969D582A94C28F00935A3C /* ResendConfirmEmailController.swift */,
				22374B1B2A92A6EB006BE6BB /* TwoFaAuthController.swift */,
			);
			path = Authentication;
			sourceTree = "<group>";
		};
		222F3C702A9385E2005BC46F /* Common */ = {
			isa = PBXGroup;
			children = (
				22ED2EC12A91392300BB623E /* NumpadController.swift */,
			);
			path = Common;
			sourceTree = "<group>";
		};
		222F3C712A938600005BC46F /* TextField */ = {
			isa = PBXGroup;
			children = (
				22E824662A8B9A2E00B51C60 /* CustomTextFieldView.swift */,
			);
			path = TextField;
			sourceTree = "<group>";
		};
		224A5D8C2A8CC53600490614 /* Coaches */ = {
			isa = PBXGroup;
			children = (
				224A5D8D2A8CC55100490614 /* CoachesPageView.swift */,
			);
			path = Coaches;
			sourceTree = "<group>";
		};
		224A5D8F2A8CC9D500490614 /* Data */ = {
			isa = PBXGroup;
			children = (
				224A5D902A8CC9E000490614 /* fthub.i18n.json */,
			);
			path = Data;
			sourceTree = "<group>";
		};
		224A5D932A8CDB4E00490614 /* Controller */ = {
			isa = PBXGroup;
			children = (
				22969D542A94B90800935A3C /* Restore Password */,
				222F3C6F2A9385D7005BC46F /* Authentication */,
				222F3C702A9385E2005BC46F /* Common */,
			);
			path = Controller;
			sourceTree = "<group>";
		};
		224A5D982A8CDE8500490614 /* Model */ = {
			isa = PBXGroup;
			children = (
				224A5D9B2A8CF44E00490614 /* Authentication */,
				222F3C622A935D15005BC46F /* Account */,
			);
			path = Model;
			sourceTree = "<group>";
		};
		224A5D9B2A8CF44E00490614 /* Authentication */ = {
			isa = PBXGroup;
			children = (
				22969D5C2A94E69200935A3C /* Email Confirm */,
				222F3C5F2A935CC0005BC46F /* Account Auth */,
				22969D462A94A7EE00935A3C /* TwoFa Auth */,
				222F3C592A935C5E005BC46F /* Resend code */,
			);
			path = Authentication;
			sourceTree = "<group>";
		};
		224C9FB32A8E0DEE00AF5612 /* Error */ = {
			isa = PBXGroup;
			children = (
				224C9FB42A8E0DFF00AF5612 /* CustomMessageView.swift */,
			);
			path = Error;
			sourceTree = "<group>";
		};
		2257C9342A8BF252000E3CD2 /* TwoFa Code */ = {
			isa = PBXGroup;
			children = (
				22E824732A8BB26F00B51C60 /* TwoFaCodeMainView.swift */,
				224A5D852A8CB82B00490614 /* TwoFaCodeHeaderView.swift */,
				224A5D8A2A8CB9BC00490614 /* TwoFaCodeFooter.swift */,
				22DED6882A908C1400D1EBBB /* TwoFaCodeNumberField.swift */,
				22FD47E72A923A3700C99BE6 /* TwoFaCodeResendButton.swift */,
			);
			path = "TwoFa Code";
			sourceTree = "<group>";
		};
		2257C93B2A8BFD36000E3CD2 /* Restore Password */ = {
			isa = PBXGroup;
			children = (
				2257C9392A8BF8E6000E3CD2 /* RestorePasswordEmailView.swift */,
				22969D4D2A94AA4600935A3C /* RestorePasswordMainView.swift */,
			);
			path = "Restore Password";
			sourceTree = "<group>";
		};
		228006752A921C4600A299EC /* Localization */ = {
			isa = PBXGroup;
			children = (
				228006762A921C7000A299EC /* Localizable.xcstrings */,
			);
			path = Localization;
			sourceTree = "<group>";
		};
		228744C72A8E5BA300DB77DF /* Extensions */ = {
			isa = PBXGroup;
			children = (
				228744C82A8E5BB100DB77DF /* ViewExtensions.swift */,
			);
			path = Extensions;
			sourceTree = "<group>";
		};
		228744CA2A8E633800DB77DF /* Protocols */ = {
			isa = PBXGroup;
			children = (
				22F2709B2A95DD8300AA8AC6 /* NetworkCapable.swift */,
			);
			path = Protocols;
			sourceTree = "<group>";
		};
		22969D462A94A7EE00935A3C /* TwoFa Auth */ = {
			isa = PBXGroup;
			children = (
				22969D482A94A83200935A3C /* TwoFaAuthModel.swift */,
				22969D472A94A83200935A3C /* TwoFaAuthRequestModel.swift */,
			);
			path = "TwoFa Auth";
			sourceTree = "<group>";
		};
		22969D4F2A94AA9500935A3C /* Restore Password */ = {
			isa = PBXGroup;
			children = (
				22969D502A94AAAD00935A3C /* RestorePasswordHeaderView.swift */,
			);
			path = "Restore Password";
			sourceTree = "<group>";
		};
		22969D542A94B90800935A3C /* Restore Password */ = {
			isa = PBXGroup;
			children = (
				22969D552A94B91A00935A3C /* RestorePasswordController.swift */,
			);
			path = "Restore Password";
			sourceTree = "<group>";
		};
		22969D5C2A94E69200935A3C /* Email Confirm */ = {
			isa = PBXGroup;
			children = (
				22969D602A94EA9F00935A3C /* ConfirmEmailRequestModel.swift */,
				22969D622A94EC3500935A3C /* ConfirmEmailModel.swift */,
			);
			path = "Email Confirm";
			sourceTree = "<group>";
		};
		22C89D0B2A964289001055F0 /* ViewModifier */ = {
			isa = PBXGroup;
			children = (
				22C89D0C2A964299001055F0 /* WithCustomMessageModifier.swift */,
				22C89D0E2A9642C8001055F0 /* WithLoadingAnimationModifier.swift */,
			);
			path = ViewModifier;
			sourceTree = "<group>";
		};
		22CDFF922A94E356009DB029 /* Validation */ = {
			isa = PBXGroup;
			children = (
				22C34A532A94ECC500313D89 /* Validator.swift */,
				22CDFF932A94E36B009DB029 /* SignInValidationController.swift */,
				22FC13B92A9756690016E17C /* ValidationController.swift */,
				22CDFF952A94E37B009DB029 /* SignUpValidationController.swift */,
			);
			path = Validation;
			sourceTree = "<group>";
		};
		22D56B452A962223009270FA /* Page Selectors */ = {
			isa = PBXGroup;
			children = (
				220266C32A8A4815009D299F /* ContentView.swift */,
				22D56B462A962255009270FA /* BeforeAuthView.swift */,
			);
			path = "Page Selectors";
			sourceTree = "<group>";
		};
		22EB51AF2A8B708E0079A3B1 /* Authentication */ = {
			isa = PBXGroup;
			children = (
				2257C9342A8BF252000E3CD2 /* TwoFa Code */,
				22EB51B02A8B70AC0079A3B1 /* LogRegButtonsView.swift */,
				22E824682A8B9D3300B51C60 /* SignUpWithAppleView.swift */,
				22E8246A2A8BA5D800B51C60 /* AuthenticationHeaderView.swift */,
				22E8246C2A8BA68A00B51C60 /* AuthenticationFooterView.swift */,
				22E8246E2A8BA89A00B51C60 /* SignInView.swift */,
			);
			path = Authentication;
			sourceTree = "<group>";
		};
		22ED2EBA2A912FEE00BB623E /* Numpad */ = {
			isa = PBXGroup;
			children = (
				22ED2EBB2A912FFF00BB623E /* NumpadButtonView.swift */,
				22ED2EBD2A9132AE00BB623E /* CustomNumpadView.swift */,
			);
			path = Numpad;
			sourceTree = "<group>";
		};
/* End PBXGroup section */

/* Begin PBXNativeTarget section */
		220266BD2A8A4815009D299F /* FTHub */ = {
			isa = PBXNativeTarget;
			buildConfigurationList = 220266CC2A8A4818009D299F /* Build configuration list for PBXNativeTarget "FTHub" */;
			buildPhases = (
				220266BA2A8A4815009D299F /* Sources */,
				220266BB2A8A4815009D299F /* Frameworks */,
				220266BC2A8A4815009D299F /* Resources */,
			);
			buildRules = (
			);
			dependencies = (
			);
			name = FTHub;
			packageProductDependencies = (
				22EB51AD2A8B62F80079A3B1 /* Algorithms */,
			);
			productName = FTHub;
			productReference = 220266BE2A8A4815009D299F /* FTHub.app */;
			productType = "com.apple.product-type.application";
		};
/* End PBXNativeTarget section */

/* Begin PBXProject section */
		220266B62A8A4815009D299F /* Project object */ = {
			isa = PBXProject;
			attributes = {
				BuildIndependentTargetsInParallel = 1;
				LastSwiftUpdateCheck = 1500;
				LastUpgradeCheck = 1500;
				TargetAttributes = {
					220266BD2A8A4815009D299F = {
						CreatedOnToolsVersion = 15.0;
					};
				};
			};
			buildConfigurationList = 220266B92A8A4815009D299F /* Build configuration list for PBXProject "FTHub" */;
			compatibilityVersion = "Xcode 14.0";
			developmentRegion = en;
			hasScannedForEncodings = 0;
			knownRegions = (
				en,
				Base,
				de,
				bg,
			);
			mainGroup = 220266B52A8A4815009D299F;
			packageReferences = (
				22EB51AC2A8B62F80079A3B1 /* XCRemoteSwiftPackageReference "swift-algorithms" */,
			);
			productRefGroup = 220266BF2A8A4815009D299F /* Products */;
			projectDirPath = "";
			projectRoot = "";
			targets = (
				220266BD2A8A4815009D299F /* FTHub */,
			);
		};
/* End PBXProject section */

/* Begin PBXResourcesBuildPhase section */
		220266BC2A8A4815009D299F /* Resources */ = {
			isa = PBXResourcesBuildPhase;
			buildActionMask = 2147483647;
			files = (
				220266C92A8A4818009D299F /* Preview Assets.xcassets in Resources */,
				224A5D912A8CC9E000490614 /* fthub.i18n.json in Resources */,
				228006772A921C7000A299EC /* Localizable.xcstrings in Resources */,
				220266C62A8A4818009D299F /* Assets.xcassets in Resources */,
			);
			runOnlyForDeploymentPostprocessing = 0;
		};
/* End PBXResourcesBuildPhase section */

/* Begin PBXSourcesBuildPhase section */
		220266BA2A8A4815009D299F /* Sources */ = {
			isa = PBXSourcesBuildPhase;
			buildActionMask = 2147483647;
			files = (
				22ED2EBE2A9132AE00BB623E /* CustomNumpadView.swift in Sources */,
				22E81F1A2A9525E10021DBE0 /* Message.swift in Sources */,
				220266EB2A8A5B54009D299F /* TutorialPageIndicatorView.swift in Sources */,
				22374B1A2A929C5C006BE6BB /* BaseAuthController.swift in Sources */,
				220266D62A8A5144009D299F /* TutorialHeadingView.swift in Sources */,
				22C89D0D2A964299001055F0 /* WithCustomMessageModifier.swift in Sources */,
				220266F52A8A60EC009D299F /* TutorialFifthPageView.swift in Sources */,
				22DED6892A908C1400D1EBBB /* TwoFaCodeNumberField.swift in Sources */,
				220266D82A8A51DD009D299F /* TutorialImageView.swift in Sources */,
				22FD47E82A923A3700C99BE6 /* TwoFaCodeResendButton.swift in Sources */,
				22969D592A94C28F00935A3C /* ResendConfirmEmailController.swift in Sources */,
				22374B182A9292D7006BE6BB /* Authentication.swift in Sources */,
				220266F82A8A7066009D299F /* MainAccountAuthView.swift in Sources */,
				22ED2EC02A9136E600BB623E /* CustomNumpadButtonStyle.swift in Sources */,
				22E8246D2A8BA68A00B51C60 /* AuthenticationFooterView.swift in Sources */,
				220266ED2A8A5DE2009D299F /* TutorialSecondPageView.swift in Sources */,
				22CDFF962A94E37B009DB029 /* SignUpValidationController.swift in Sources */,
				224A5D952A8CDB6100490614 /* ResendCodeController.swift in Sources */,
				22969D4A2A94A83200935A3C /* TwoFaAuthModel.swift in Sources */,
				22969D492A94A83200935A3C /* TwoFaAuthRequestModel.swift in Sources */,
				22C34A542A94ECC500313D89 /* Validator.swift in Sources */,
				22969D4A2A94A83200935A3C /* TwoFaAuthModel.swift in Sources */,
				22969D492A94A83200935A3C /* TwoFaAuthRequestModel.swift in Sources */,
				222F3C612A935CDC005BC46F /* AccountAuthModel.swift in Sources */,
				22969D612A94EA9F00935A3C /* ConfirmEmailRequestModel.swift in Sources */,
				22C89D0F2A9642C8001055F0 /* WithLoadingAnimationModifier.swift in Sources */,
				22ED2EBC2A912FFF00BB623E /* NumpadButtonView.swift in Sources */,
				22EB51B12A8B70AC0079A3B1 /* LogRegButtonsView.swift in Sources */,
				220266DA2A8A5249009D299F /* TutorialHeadlineView.swift in Sources */,
				22D56B472A962255009270FA /* BeforeAuthView.swift in Sources */,
				222F3C5B2A935C6F005BC46F /* ResendTwoFaCodeModel.swift in Sources */,
				22969D5B2A94D86600935A3C /* EmailConfirmationStatusView.swift in Sources */,
				220266E12A8A538F009D299F /* CTAButtonStyle.swift in Sources */,
				22969D562A94B91A00935A3C /* RestorePasswordController.swift in Sources */,
				220266C42A8A4815009D299F /* ContentView.swift in Sources */,
				224A5DA12A8CF98D00490614 /* User.swift in Sources */,
				228744C92A8E5BB100DB77DF /* ViewExtensions.swift in Sources */,
				224A5D862A8CB82B00490614 /* TwoFaCodeHeaderView.swift in Sources */,
				2257C93A2A8BF8E6000E3CD2 /* RestorePasswordEmailView.swift in Sources */,
				22E824692A8B9D3300B51C60 /* SignUpWithAppleView.swift in Sources */,
				220266E52A8A5765009D299F /* TutorialMainView.swift in Sources */,
				22F2709C2A95DD8300AA8AC6 /* NetworkCapable.swift in Sources */,
				22CDFF942A94E36B009DB029 /* SignInValidationController.swift in Sources */,
				22969D532A94B17B00935A3C /* EmailConfirmationLinkSentView.swift in Sources */,
				220266C22A8A4815009D299F /* FTHubApp.swift in Sources */,
				220266F32A8A6014009D299F /* TutorialFourthPageView.swift in Sources */,
				22FC13BA2A9756690016E17C /* ValidationController.swift in Sources */,
				224C9FB52A8E0DFF00AF5612 /* CustomMessageView.swift in Sources */,
				224A5D8E2A8CC55100490614 /* CoachesPageView.swift in Sources */,
				22969D512A94AAAD00935A3C /* RestorePasswordHeaderView.swift in Sources */,
				22ED2EC22A91392300BB623E /* NumpadController.swift in Sources */,
				222F3C642A935D66005BC46F /* AccountAuthRequestModel.swift in Sources */,
				220266E72A8A5787009D299F /* TutorialStartPageView.swift in Sources */,
				220266E92A8A5A28009D299F /* TutorialFirstPageView.swift in Sources */,
				22969D4E2A94AA4600935A3C /* RestorePasswordMainView.swift in Sources */,
				22969D5F2A94E75300935A3C /* ConfirmEmailController.swift in Sources */,
				220266D12A8A494A009D299F /* Constants.swift in Sources */,
				22E8246B2A8BA5D800B51C60 /* AuthenticationHeaderView.swift in Sources */,
				224A5D8B2A8CB9BC00490614 /* TwoFaCodeFooter.swift in Sources */,
				22374B1C2A92A6EB006BE6BB /* TwoFaAuthController.swift in Sources */,
				220266F12A8A5F8D009D299F /* TutorialThirdPageView.swift in Sources */,
				22969D632A94EC3500935A3C /* ConfirmEmailModel.swift in Sources */,
				22E8246F2A8BA89A00B51C60 /* SignInView.swift in Sources */,
				22E824672A8B9A2E00B51C60 /* CustomTextFieldView.swift in Sources */,
				224A5D892A8CB8EE00490614 /* TwoFaCodeView.swift in Sources */,
				22E824742A8BB26F00B51C60 /* TwoFaCodeMainView.swift in Sources */,
				224A5D972A8CDC4400490614 /* Requests.swift in Sources */,
				22F2709E2A95E5FA00AA8AC6 /* Networking.swift in Sources */,
			);
			runOnlyForDeploymentPostprocessing = 0;
		};
/* End PBXSourcesBuildPhase section */

/* Begin XCBuildConfiguration section */
		220266CA2A8A4818009D299F /* Debug */ = {
			isa = XCBuildConfiguration;
			buildSettings = {
				ALWAYS_SEARCH_USER_PATHS = NO;
				ASSETCATALOG_COMPILER_GENERATE_SWIFT_ASSET_SYMBOL_EXTENSIONS = YES;
				CLANG_ANALYZER_NONNULL = YES;
				CLANG_ANALYZER_NUMBER_OBJECT_CONVERSION = YES_AGGRESSIVE;
				CLANG_CXX_LANGUAGE_STANDARD = "gnu++20";
				CLANG_ENABLE_MODULES = YES;
				CLANG_ENABLE_OBJC_ARC = YES;
				CLANG_ENABLE_OBJC_WEAK = YES;
				CLANG_WARN_BLOCK_CAPTURE_AUTORELEASING = YES;
				CLANG_WARN_BOOL_CONVERSION = YES;
				CLANG_WARN_COMMA = YES;
				CLANG_WARN_CONSTANT_CONVERSION = YES;
				CLANG_WARN_DEPRECATED_OBJC_IMPLEMENTATIONS = YES;
				CLANG_WARN_DIRECT_OBJC_ISA_USAGE = YES_ERROR;
				CLANG_WARN_DOCUMENTATION_COMMENTS = YES;
				CLANG_WARN_EMPTY_BODY = YES;
				CLANG_WARN_ENUM_CONVERSION = YES;
				CLANG_WARN_INFINITE_RECURSION = YES;
				CLANG_WARN_INT_CONVERSION = YES;
				CLANG_WARN_NON_LITERAL_NULL_CONVERSION = YES;
				CLANG_WARN_OBJC_IMPLICIT_RETAIN_SELF = YES;
				CLANG_WARN_OBJC_LITERAL_CONVERSION = YES;
				CLANG_WARN_OBJC_ROOT_CLASS = YES_ERROR;
				CLANG_WARN_QUOTED_INCLUDE_IN_FRAMEWORK_HEADER = YES;
				CLANG_WARN_RANGE_LOOP_ANALYSIS = YES;
				CLANG_WARN_STRICT_PROTOTYPES = YES;
				CLANG_WARN_SUSPICIOUS_MOVE = YES;
				CLANG_WARN_UNGUARDED_AVAILABILITY = YES_AGGRESSIVE;
				CLANG_WARN_UNREACHABLE_CODE = YES;
				CLANG_WARN__DUPLICATE_METHOD_MATCH = YES;
				COPY_PHASE_STRIP = NO;
				DEBUG_INFORMATION_FORMAT = dwarf;
				ENABLE_STRICT_OBJC_MSGSEND = YES;
				ENABLE_TESTABILITY = YES;
				ENABLE_USER_SCRIPT_SANDBOXING = YES;
				GCC_C_LANGUAGE_STANDARD = gnu17;
				GCC_DYNAMIC_NO_PIC = NO;
				GCC_NO_COMMON_BLOCKS = YES;
				GCC_OPTIMIZATION_LEVEL = 0;
				GCC_PREPROCESSOR_DEFINITIONS = (
					"DEBUG=1",
					"$(inherited)",
				);
				GCC_WARN_64_TO_32_BIT_CONVERSION = YES;
				GCC_WARN_ABOUT_RETURN_TYPE = YES_ERROR;
				GCC_WARN_UNDECLARED_SELECTOR = YES;
				GCC_WARN_UNINITIALIZED_AUTOS = YES_AGGRESSIVE;
				GCC_WARN_UNUSED_FUNCTION = YES;
				GCC_WARN_UNUSED_VARIABLE = YES;
				IPHONEOS_DEPLOYMENT_TARGET = 16.6;
				LOCALIZATION_PREFERS_STRING_CATALOGS = YES;
				MTL_ENABLE_DEBUG_INFO = INCLUDE_SOURCE;
				MTL_FAST_MATH = YES;
				ONLY_ACTIVE_ARCH = YES;
				SDKROOT = iphoneos;
				SWIFT_ACTIVE_COMPILATION_CONDITIONS = "DEBUG $(inherited)";
				SWIFT_OPTIMIZATION_LEVEL = "-Onone";
			};
			name = Debug;
		};
		220266CB2A8A4818009D299F /* Release */ = {
			isa = XCBuildConfiguration;
			buildSettings = {
				ALWAYS_SEARCH_USER_PATHS = NO;
				ASSETCATALOG_COMPILER_GENERATE_SWIFT_ASSET_SYMBOL_EXTENSIONS = YES;
				CLANG_ANALYZER_NONNULL = YES;
				CLANG_ANALYZER_NUMBER_OBJECT_CONVERSION = YES_AGGRESSIVE;
				CLANG_CXX_LANGUAGE_STANDARD = "gnu++20";
				CLANG_ENABLE_MODULES = YES;
				CLANG_ENABLE_OBJC_ARC = YES;
				CLANG_ENABLE_OBJC_WEAK = YES;
				CLANG_WARN_BLOCK_CAPTURE_AUTORELEASING = YES;
				CLANG_WARN_BOOL_CONVERSION = YES;
				CLANG_WARN_COMMA = YES;
				CLANG_WARN_CONSTANT_CONVERSION = YES;
				CLANG_WARN_DEPRECATED_OBJC_IMPLEMENTATIONS = YES;
				CLANG_WARN_DIRECT_OBJC_ISA_USAGE = YES_ERROR;
				CLANG_WARN_DOCUMENTATION_COMMENTS = YES;
				CLANG_WARN_EMPTY_BODY = YES;
				CLANG_WARN_ENUM_CONVERSION = YES;
				CLANG_WARN_INFINITE_RECURSION = YES;
				CLANG_WARN_INT_CONVERSION = YES;
				CLANG_WARN_NON_LITERAL_NULL_CONVERSION = YES;
				CLANG_WARN_OBJC_IMPLICIT_RETAIN_SELF = YES;
				CLANG_WARN_OBJC_LITERAL_CONVERSION = YES;
				CLANG_WARN_OBJC_ROOT_CLASS = YES_ERROR;
				CLANG_WARN_QUOTED_INCLUDE_IN_FRAMEWORK_HEADER = YES;
				CLANG_WARN_RANGE_LOOP_ANALYSIS = YES;
				CLANG_WARN_STRICT_PROTOTYPES = YES;
				CLANG_WARN_SUSPICIOUS_MOVE = YES;
				CLANG_WARN_UNGUARDED_AVAILABILITY = YES_AGGRESSIVE;
				CLANG_WARN_UNREACHABLE_CODE = YES;
				CLANG_WARN__DUPLICATE_METHOD_MATCH = YES;
				COPY_PHASE_STRIP = NO;
				DEBUG_INFORMATION_FORMAT = "dwarf-with-dsym";
				ENABLE_NS_ASSERTIONS = NO;
				ENABLE_STRICT_OBJC_MSGSEND = YES;
				ENABLE_USER_SCRIPT_SANDBOXING = YES;
				GCC_C_LANGUAGE_STANDARD = gnu17;
				GCC_NO_COMMON_BLOCKS = YES;
				GCC_WARN_64_TO_32_BIT_CONVERSION = YES;
				GCC_WARN_ABOUT_RETURN_TYPE = YES_ERROR;
				GCC_WARN_UNDECLARED_SELECTOR = YES;
				GCC_WARN_UNINITIALIZED_AUTOS = YES_AGGRESSIVE;
				GCC_WARN_UNUSED_FUNCTION = YES;
				GCC_WARN_UNUSED_VARIABLE = YES;
				IPHONEOS_DEPLOYMENT_TARGET = 16.6;
				LOCALIZATION_PREFERS_STRING_CATALOGS = YES;
				MTL_ENABLE_DEBUG_INFO = NO;
				MTL_FAST_MATH = YES;
				SDKROOT = iphoneos;
				SWIFT_COMPILATION_MODE = wholemodule;
				VALIDATE_PRODUCT = YES;
			};
			name = Release;
		};
		220266CD2A8A4818009D299F /* Debug */ = {
			isa = XCBuildConfiguration;
			buildSettings = {
				ASSETCATALOG_COMPILER_APPICON_NAME = AppIcon;
				ASSETCATALOG_COMPILER_GLOBAL_ACCENT_COLOR_NAME = AccentColor;
				CODE_SIGN_STYLE = Automatic;
				CURRENT_PROJECT_VERSION = 1;
				DEVELOPMENT_ASSET_PATHS = "\"FTHub/Preview Content\"";
				DEVELOPMENT_TEAM = 8JRC6F73NK;
				ENABLE_PREVIEWS = YES;
				GENERATE_INFOPLIST_FILE = YES;
				INFOPLIST_FILE = FTHub/Info.plist;
				INFOPLIST_KEY_UIApplicationSceneManifest_Generation = YES;
				INFOPLIST_KEY_UIApplicationSupportsIndirectInputEvents = YES;
				INFOPLIST_KEY_UISupportedInterfaceOrientations_iPad = "UIInterfaceOrientationPortrait UIInterfaceOrientationPortraitUpsideDown UIInterfaceOrientationLandscapeLeft UIInterfaceOrientationLandscapeRight";
				INFOPLIST_KEY_UISupportedInterfaceOrientations_iPhone = "UIInterfaceOrientationPortrait UIInterfaceOrientationLandscapeLeft UIInterfaceOrientationLandscapeRight";
				IPHONEOS_DEPLOYMENT_TARGET = 17.0;
				LD_RUNPATH_SEARCH_PATHS = (
					"$(inherited)",
					"@executable_path/Frameworks",
				);
				MARKETING_VERSION = 1.0;
				PRODUCT_BUNDLE_IDENTIFIER = eu.fthub.FTHub;
				PRODUCT_NAME = "$(TARGET_NAME)";
				SWIFT_EMIT_LOC_STRINGS = YES;
				SWIFT_VERSION = 5.0;
				TARGETED_DEVICE_FAMILY = "1,2";
			};
			name = Debug;
		};
		220266CE2A8A4818009D299F /* Release */ = {
			isa = XCBuildConfiguration;
			buildSettings = {
				ASSETCATALOG_COMPILER_APPICON_NAME = AppIcon;
				ASSETCATALOG_COMPILER_GLOBAL_ACCENT_COLOR_NAME = AccentColor;
				CODE_SIGN_STYLE = Automatic;
				CURRENT_PROJECT_VERSION = 1;
				DEVELOPMENT_ASSET_PATHS = "\"FTHub/Preview Content\"";
				DEVELOPMENT_TEAM = 8JRC6F73NK;
				ENABLE_PREVIEWS = YES;
				GENERATE_INFOPLIST_FILE = YES;
				INFOPLIST_FILE = FTHub/Info.plist;
				INFOPLIST_KEY_UIApplicationSceneManifest_Generation = YES;
				INFOPLIST_KEY_UIApplicationSupportsIndirectInputEvents = YES;
				INFOPLIST_KEY_UISupportedInterfaceOrientations_iPad = "UIInterfaceOrientationPortrait UIInterfaceOrientationPortraitUpsideDown UIInterfaceOrientationLandscapeLeft UIInterfaceOrientationLandscapeRight";
				INFOPLIST_KEY_UISupportedInterfaceOrientations_iPhone = "UIInterfaceOrientationPortrait UIInterfaceOrientationLandscapeLeft UIInterfaceOrientationLandscapeRight";
				IPHONEOS_DEPLOYMENT_TARGET = 17.0;
				LD_RUNPATH_SEARCH_PATHS = (
					"$(inherited)",
					"@executable_path/Frameworks",
				);
				MARKETING_VERSION = 1.0;
				PRODUCT_BUNDLE_IDENTIFIER = eu.fthub.FTHub;
				PRODUCT_NAME = "$(TARGET_NAME)";
				SWIFT_EMIT_LOC_STRINGS = YES;
				SWIFT_VERSION = 5.0;
				TARGETED_DEVICE_FAMILY = "1,2";
			};
			name = Release;
		};
/* End XCBuildConfiguration section */

/* Begin XCConfigurationList section */
		220266B92A8A4815009D299F /* Build configuration list for PBXProject "FTHub" */ = {
			isa = XCConfigurationList;
			buildConfigurations = (
				220266CA2A8A4818009D299F /* Debug */,
				220266CB2A8A4818009D299F /* Release */,
			);
			defaultConfigurationIsVisible = 0;
			defaultConfigurationName = Release;
		};
		220266CC2A8A4818009D299F /* Build configuration list for PBXNativeTarget "FTHub" */ = {
			isa = XCConfigurationList;
			buildConfigurations = (
				220266CD2A8A4818009D299F /* Debug */,
				220266CE2A8A4818009D299F /* Release */,
			);
			defaultConfigurationIsVisible = 0;
			defaultConfigurationName = Release;
		};
/* End XCConfigurationList section */

/* Begin XCRemoteSwiftPackageReference section */
		22EB51AC2A8B62F80079A3B1 /* XCRemoteSwiftPackageReference "swift-algorithms" */ = {
			isa = XCRemoteSwiftPackageReference;
			repositoryURL = "https://github.com/apple/swift-algorithms.git";
			requirement = {
				kind = upToNextMajorVersion;
				minimumVersion = 1.0.0;
			};
		};
/* End XCRemoteSwiftPackageReference section */

/* Begin XCSwiftPackageProductDependency section */
		22EB51AD2A8B62F80079A3B1 /* Algorithms */ = {
			isa = XCSwiftPackageProductDependency;
			package = 22EB51AC2A8B62F80079A3B1 /* XCRemoteSwiftPackageReference "swift-algorithms" */;
			productName = Algorithms;
		};
/* End XCSwiftPackageProductDependency section */
	};
	rootObject = 220266B62A8A4815009D299F /* Project object */;
}
